
Microsoft Visual Studio Solution File, Format Version 12.00
# Visual Studio Version 16
VisualStudioVersion = 16.0.30114.105
MinimumVisualStudioVersion = 10.0.40219.1
Project("{FAE04EC0-301F-11D3-BF4B-00C04F79EFBC}") = "LSPConsole", "LSPConsole\LSPConsole.csproj", "{DAEBB8CF-2F29-45E5-9AF8-1AA49EF351ED}"
EndProject
Project("{FAE04EC0-301F-11D3-BF4B-00C04F79EFBC}") = "LSPLibrary", "LSPLibrary\LSPLibrary.csproj", "{3CF53205-F6A2-4394-BE7A-1C71314A7A5A}"
EndProject
Global
	GlobalSection(SolutionConfigurationPlatforms) = preSolution
		Debug|Any CPU = Debug|Any CPU
		Debug|x64 = Debug|x64
		Debug|x86 = Debug|x86
		Release|Any CPU = Release|Any CPU
		Release|x64 = Release|x64
		Release|x86 = Release|x86
	EndGlobalSection
	GlobalSection(SolutionProperties) = preSolution
		HideSolutionNode = FALSE
	EndGlobalSection
	GlobalSection(ProjectConfigurationPlatforms) = postSolution
		{DAEBB8CF-2F29-45E5-9AF8-1AA49EF351ED}.Debug|Any CPU.ActiveCfg = Debug|Any CPU
		{DAEBB8CF-2F29-45E5-9AF8-1AA49EF351ED}.Debug|Any CPU.Build.0 = Debug|Any CPU
		{DAEBB8CF-2F29-45E5-9AF8-1AA49EF351ED}.Debug|x64.ActiveCfg = Debug|Any CPU
		{DAEBB8CF-2F29-45E5-9AF8-1AA49EF351ED}.Debug|x64.Build.0 = Debug|Any CPU
		{DAEBB8CF-2F29-45E5-9AF8-1AA49EF351ED}.Debug|x86.ActiveCfg = Debug|Any CPU
		{DAEBB8CF-2F29-45E5-9AF8-1AA49EF351ED}.Debug|x86.Build.0 = Debug|Any CPU
		{DAEBB8CF-2F29-45E5-9AF8-1AA49EF351ED}.Release|Any CPU.ActiveCfg = Release|Any CPU
		{DAEBB8CF-2F29-45E5-9AF8-1AA49EF351ED}.Release|Any CPU.Build.0 = Release|Any CPU
		{DAEBB8CF-2F29-45E5-9AF8-1AA49EF351ED}.Release|x64.ActiveCfg = Release|Any CPU
		{DAEBB8CF-2F29-45E5-9AF8-1AA49EF351ED}.Release|x64.Build.0 = Release|Any CPU
		{DAEBB8CF-2F29-45E5-9AF8-1AA49EF351ED}.Release|x86.ActiveCfg = Release|Any CPU
		{DAEBB8CF-2F29-45E5-9AF8-1AA49EF351ED}.Release|x86.Build.0 = Release|Any CPU
		{3CF53205-F6A2-4394-BE7A-1C71314A7A5A}.Debug|Any CPU.ActiveCfg = Debug|Any CPU
		{3CF53205-F6A2-4394-BE7A-1C71314A7A5A}.Debug|Any CPU.Build.0 = Debug|Any CPU
		{3CF53205-F6A2-4394-BE7A-1C71314A7A5A}.Debug|x64.ActiveCfg = Debug|Any CPU
		{3CF53205-F6A2-4394-BE7A-1C71314A7A5A}.Debug|x64.Build.0 = Debug|Any CPU
		{3CF53205-F6A2-4394-BE7A-1C71314A7A5A}.Debug|x86.ActiveCfg = Debug|Any CPU
		{3CF53205-F6A2-4394-BE7A-1C71314A7A5A}.Debug|x86.Build.0 = Debug|Any CPU
		{3CF53205-F6A2-4394-BE7A-1C71314A7A5A}.Release|Any CPU.ActiveCfg = Release|Any CPU
		{3CF53205-F6A2-4394-BE7A-1C71314A7A5A}.Release|Any CPU.Build.0 = Release|Any CPU
		{3CF53205-F6A2-4394-BE7A-1C71314A7A5A}.Release|x64.ActiveCfg = Release|Any CPU
		{3CF53205-F6A2-4394-BE7A-1C71314A7A5A}.Release|x64.Build.0 = Release|Any CPU
		{3CF53205-F6A2-4394-BE7A-1C71314A7A5A}.Release|x86.ActiveCfg = Release|Any CPU
		{3CF53205-F6A2-4394-BE7A-1C71314A7A5A}.Release|x86.Build.0 = Release|Any CPU
	EndGlobalSection
EndGlobal
